
Microsoft Visual Studio Solution File, Format Version 12.00
# Visual Studio Version 17
VisualStudioVersion = 17.11.35219.272
MinimumVisualStudioVersion = 10.0.40219.1
Project("{2150E333-8FDC-42A3-9474-1A3956D46DE8}") = "Core", "Core", "{75CD44B2-E7FD-46D8-89DC-252556186C49}"
EndProject
Project("{9A19103F-16F7-4668-BE54-9A1E7A4F7556}") = "CarBook.Domain", "Core\CarBook.Domain\CarBook.Domain.csproj", "{D454EDF7-FD0C-4985-ADC3-2B5A96A18D90}"
EndProject
Project("{2150E333-8FDC-42A3-9474-1A3956D46DE8}") = "Infastructure", "Infastructure", "{2A6CB1E4-AEC7-4C29-9E2B-1528C16DFEB6}"
EndProject
Project("{9A19103F-16F7-4668-BE54-9A1E7A4F7556}") = "CarBook.Persistence", "Infastructure\CarBook.Persistence\CarBook.Persistence.csproj", "{AAC0EEEE-6C4C-49E7-83DD-7ECD7DFAE590}"
EndProject
Project("{2150E333-8FDC-42A3-9474-1A3956D46DE8}") = "Presentation", "Presentation", "{467110B1-1DD0-4EA2-AE9B-7E6A3F8A0D91}"
EndProject
Project("{9A19103F-16F7-4668-BE54-9A1E7A4F7556}") = "CarBook.WebApi", "Presentation\CarBook.WebApi\CarBook.WebApi.csproj", "{B00F6CD3-77DC-4688-9C16-523D2D8D09FB}"
EndProject
Project("{9A19103F-16F7-4668-BE54-9A1E7A4F7556}") = "CarBook.Application", "Core\CarBook.Application\CarBook.Application.csproj", "{E01179BB-A771-4E40-A832-00179C5BD66F}"
EndProject
Project("{2150E333-8FDC-42A3-9474-1A3956D46DE8}") = "Frontends", "Frontends", "{3F3C98CD-63B4-4AC9-9F54-E07F28E8B3A9}"
EndProject
Project("{FAE04EC0-301F-11D3-BF4B-00C04F79EFBC}") = "Carbook.WebUI", "Frontends\Carbook.WebUI\Carbook.WebUI.csproj", "{45DBE513-37B7-436F-80E9-465F9DBD4F82}"
EndProject
Global
	GlobalSection(SolutionConfigurationPlatforms) = preSolution
		Debug|Any CPU = Debug|Any CPU
		Release|Any CPU = Release|Any CPU
	EndGlobalSection
	GlobalSection(ProjectConfigurationPlatforms) = postSolution
		{D454EDF7-FD0C-4985-ADC3-2B5A96A18D90}.Debug|Any CPU.ActiveCfg = Debug|Any CPU
		{D454EDF7-FD0C-4985-ADC3-2B5A96A18D90}.Debug|Any CPU.Build.0 = Debug|Any CPU
		{D454EDF7-FD0C-4985-ADC3-2B5A96A18D90}.Release|Any CPU.ActiveCfg = Release|Any CPU
		{D454EDF7-FD0C-4985-ADC3-2B5A96A18D90}.Release|Any CPU.Build.0 = Release|Any CPU
		{AAC0EEEE-6C4C-49E7-83DD-7ECD7DFAE590}.Debug|Any CPU.ActiveCfg = Debug|Any CPU
		{AAC0EEEE-6C4C-49E7-83DD-7ECD7DFAE590}.Debug|Any CPU.Build.0 = Debug|Any CPU
		{AAC0EEEE-6C4C-49E7-83DD-7ECD7DFAE590}.Release|Any CPU.ActiveCfg = Release|Any CPU
		{AAC0EEEE-6C4C-49E7-83DD-7ECD7DFAE590}.Release|Any CPU.Build.0 = Release|Any CPU
		{B00F6CD3-77DC-4688-9C16-523D2D8D09FB}.Debug|Any CPU.ActiveCfg = Debug|Any CPU
		{B00F6CD3-77DC-4688-9C16-523D2D8D09FB}.Debug|Any CPU.Build.0 = Debug|Any CPU
		{B00F6CD3-77DC-4688-9C16-523D2D8D09FB}.Release|Any CPU.ActiveCfg = Release|Any CPU
		{B00F6CD3-77DC-4688-9C16-523D2D8D09FB}.Release|Any CPU.Build.0 = Release|Any CPU
		{E01179BB-A771-4E40-A832-00179C5BD66F}.Debug|Any CPU.ActiveCfg = Debug|Any CPU
		{E01179BB-A771-4E40-A832-00179C5BD66F}.Debug|Any CPU.Build.0 = Debug|Any CPU
		{E01179BB-A771-4E40-A832-00179C5BD66F}.Release|Any CPU.ActiveCfg = Release|Any CPU
		{E01179BB-A771-4E40-A832-00179C5BD66F}.Release|Any CPU.Build.0 = Release|Any CPU
		{45DBE513-37B7-436F-80E9-465F9DBD4F82}.Debug|Any CPU.ActiveCfg = Debug|Any CPU
		{45DBE513-37B7-436F-80E9-465F9DBD4F82}.Debug|Any CPU.Build.0 = Debug|Any CPU
		{45DBE513-37B7-436F-80E9-465F9DBD4F82}.Release|Any CPU.ActiveCfg = Release|Any CPU
		{45DBE513-37B7-436F-80E9-465F9DBD4F82}.Release|Any CPU.Build.0 = Release|Any CPU
	EndGlobalSection
	GlobalSection(SolutionProperties) = preSolution
		HideSolutionNode = FALSE
	EndGlobalSection
	GlobalSection(NestedProjects) = preSolution
		{D454EDF7-FD0C-4985-ADC3-2B5A96A18D90} = {75CD44B2-E7FD-46D8-89DC-252556186C49}
		{AAC0EEEE-6C4C-49E7-83DD-7ECD7DFAE590} = {2A6CB1E4-AEC7-4C29-9E2B-1528C16DFEB6}
		{B00F6CD3-77DC-4688-9C16-523D2D8D09FB} = {467110B1-1DD0-4EA2-AE9B-7E6A3F8A0D91}
		{E01179BB-A771-4E40-A832-00179C5BD66F} = {75CD44B2-E7FD-46D8-89DC-252556186C49}
		{45DBE513-37B7-436F-80E9-465F9DBD4F82} = {3F3C98CD-63B4-4AC9-9F54-E07F28E8B3A9}
	EndGlobalSection
	GlobalSection(ExtensibilityGlobals) = postSolution
		SolutionGuid = {C7E04E82-B9AB-4BC5-A43F-8A1E7D5F46B6}
	EndGlobalSection
EndGlobal
